
Microsoft Visual Studio Solution File, Format Version 12.00
# Visual Studio 2013
VisualStudioVersion = 12.0.31101.0
MinimumVisualStudioVersion = 10.0.40219.1
Project("{FAE04EC0-301F-11D3-BF4B-00C04F79EFBC}") = "MK.ConsoleHost", "MK.ConsoleHost\MK.ConsoleHost.csproj", "{F43DD7BA-B7AA-4198-90FD-E8FD7E259258}"
EndProject
Project("{FAE04EC0-301F-11D3-BF4B-00C04F79EFBC}") = "MK.Service", "MK.Service\MK.Service.csproj", "{40CC3072-21DD-4AAE-A15B-590EF6286996}"
EndProject
Project("{FAE04EC0-301F-11D3-BF4B-00C04F79EFBC}") = "MK.WindowsServiceHost", "Mk.WindowsServiceHost\MK.WindowsServiceHost.csproj", "{FF99C2EF-1B17-438A-9072-3F664B4BAD9B}"
EndProject
Project("{FAE04EC0-301F-11D3-BF4B-00C04F79EFBC}") = "MK.Tests", "MK.Tests\MK.Tests.csproj", "{F2F8B9CE-C4AA-4E8F-A947-CDD679E1CFC8}"
EndProject
Global
	GlobalSection(SolutionConfigurationPlatforms) = preSolution
		Debug|Any CPU = Debug|Any CPU
		Release|Any CPU = Release|Any CPU
	EndGlobalSection
	GlobalSection(ProjectConfigurationPlatforms) = postSolution
		{F43DD7BA-B7AA-4198-90FD-E8FD7E259258}.Debug|Any CPU.ActiveCfg = Debug|Any CPU
		{F43DD7BA-B7AA-4198-90FD-E8FD7E259258}.Debug|Any CPU.Build.0 = Debug|Any CPU
		{F43DD7BA-B7AA-4198-90FD-E8FD7E259258}.Release|Any CPU.ActiveCfg = Release|Any CPU
		{F43DD7BA-B7AA-4198-90FD-E8FD7E259258}.Release|Any CPU.Build.0 = Release|Any CPU
		{40CC3072-21DD-4AAE-A15B-590EF6286996}.Debug|Any CPU.ActiveCfg = Debug|Any CPU
		{40CC3072-21DD-4AAE-A15B-590EF6286996}.Debug|Any CPU.Build.0 = Debug|Any CPU
		{40CC3072-21DD-4AAE-A15B-590EF6286996}.Release|Any CPU.ActiveCfg = Release|Any CPU
		{40CC3072-21DD-4AAE-A15B-590EF6286996}.Release|Any CPU.Build.0 = Release|Any CPU
		{FF99C2EF-1B17-438A-9072-3F664B4BAD9B}.Debug|Any CPU.ActiveCfg = Debug|Any CPU
		{FF99C2EF-1B17-438A-9072-3F664B4BAD9B}.Debug|Any CPU.Build.0 = Debug|Any CPU
		{FF99C2EF-1B17-438A-9072-3F664B4BAD9B}.Release|Any CPU.ActiveCfg = Release|Any CPU
		{FF99C2EF-1B17-438A-9072-3F664B4BAD9B}.Release|Any CPU.Build.0 = Release|Any CPU
		{F2F8B9CE-C4AA-4E8F-A947-CDD679E1CFC8}.Debug|Any CPU.ActiveCfg = Debug|Any CPU
		{F2F8B9CE-C4AA-4E8F-A947-CDD679E1CFC8}.Debug|Any CPU.Build.0 = Debug|Any CPU
		{F2F8B9CE-C4AA-4E8F-A947-CDD679E1CFC8}.Release|Any CPU.ActiveCfg = Release|Any CPU
		{F2F8B9CE-C4AA-4E8F-A947-CDD679E1CFC8}.Release|Any CPU.Build.0 = Release|Any CPU
	EndGlobalSection
	GlobalSection(SolutionProperties) = preSolution
		HideSolutionNode = FALSE
	EndGlobalSection
EndGlobal
